
Microsoft Visual Studio Solution File, Format Version 12.00
# Visual Studio Version 17
VisualStudioVersion = 17.0.32014.148
MinimumVisualStudioVersion = 10.0.40219.1
Project("{9A19103F-16F7-4668-BE54-9A1E7A4F7556}") = "TypeLibrary.Api", "TypeLibrary.Api\TypeLibrary.Api.csproj", "{327F5163-A230-423C-A192-EC338586F4F6}"
EndProject
Project("{9A19103F-16F7-4668-BE54-9A1E7A4F7556}") = "TypeLibrary.Core", "TypeLibrary.Core\TypeLibrary.Core.csproj", "{2B65E748-9896-4DF7-849B-B61CE2432A21}"
EndProject
Project("{9A19103F-16F7-4668-BE54-9A1E7A4F7556}") = "TypeLibrary.Data", "TypeLibrary.Data\TypeLibrary.Data.csproj", "{A6E6950B-072A-4EDE-AD5D-5573524C30ED}"
EndProject
Project("{9A19103F-16F7-4668-BE54-9A1E7A4F7556}") = "TypeLibrary.Services", "TypeLibrary.Services\TypeLibrary.Services.csproj", "{996E423A-1826-4A3D-906A-5A416280FF16}"
EndProject
Project("{9A19103F-16F7-4668-BE54-9A1E7A4F7556}") = "Mimirorg.Common", "Mimirorg.Common\Mimirorg.Common.csproj", "{752EE90A-8F6E-4C62-BE89-57AE9C7C2D87}"
EndProject
Project("{9A19103F-16F7-4668-BE54-9A1E7A4F7556}") = "Mimirorg.TypeLibrary", "Mimirorg.TypeLibrary\Mimirorg.TypeLibrary.csproj", "{08BB0BD6-A925-4D91-A54C-3440E6F59763}"
EndProject
Project("{9A19103F-16F7-4668-BE54-9A1E7A4F7556}") = "Mimirorg.Authentication", "Mimirorg.Authentication\Mimirorg.Authentication.csproj", "{4E750FC1-A399-41AD-99A9-1D6A97D37AF1}"
EndProject
Project("{2150E333-8FDC-42A3-9474-1A3956D46DE8}") = "Tests", "Tests", "{8872F15B-D9B0-429D-92CB-CEDF151AEFCA}"
EndProject
Project("{9A19103F-16F7-4668-BE54-9A1E7A4F7556}") = "Mimirorg.Test.Unit", "Tests\Mimirorg.Unit.Tests\Mimirorg.Test.Unit.csproj", "{0AC7FEAD-F436-4A3C-9FCF-2B0A3FCD4B4F}"
EndProject
Project("{9A19103F-16F7-4668-BE54-9A1E7A4F7556}") = "Mimirorg.Package", "Mimirorg.Package\Mimirorg.Package.csproj", "{BF32D4CE-9EF6-4692-AE52-80940465F707}"
EndProject
Project("{9A19103F-16F7-4668-BE54-9A1E7A4F7556}") = "Mimirorg.Test.Integration", "Tests\Mimirorg.Integration.Tests\Mimirorg.Test.Integration.csproj", "{43591D9F-31DD-4207-BB56-1538EBFA3075}"
EndProject
Project("{9A19103F-16F7-4668-BE54-9A1E7A4F7556}") = "Mimirorg.Test.Setup", "Tests\Mimirorg.Setup\Mimirorg.Test.Setup.csproj", "{7D14C07E-9676-4A8D-8EE8-FE341C9254E5}"
EndProject
Project("{9A19103F-16F7-4668-BE54-9A1E7A4F7556}") = "Tyle.Core", "Tyle.Core\Tyle.Core.csproj", "{B92559A9-6FCC-4B08-98A0-284F32C5E8E1}"
EndProject
Project("{9A19103F-16F7-4668-BE54-9A1E7A4F7556}") = "Tyle.Application", "Tyle.Application\Tyle.Application.csproj", "{53ECBCB6-834F-4F3D-97CF-001391FFDB4B}"
EndProject
Project("{FAE04EC0-301F-11D3-BF4B-00C04F79EFBC}") = "Tyle.Persistence", "Tyle.Persistence\Tyle.Persistence.csproj", "{9599FC1D-6B9F-4513-AF94-45BA390F019B}"
EndProject
Global
	GlobalSection(SolutionConfigurationPlatforms) = preSolution
		Debug|Any CPU = Debug|Any CPU
		Release|Any CPU = Release|Any CPU
	EndGlobalSection
	GlobalSection(ProjectConfigurationPlatforms) = postSolution
		{327F5163-A230-423C-A192-EC338586F4F6}.Debug|Any CPU.ActiveCfg = Debug|Any CPU
		{327F5163-A230-423C-A192-EC338586F4F6}.Debug|Any CPU.Build.0 = Debug|Any CPU
		{327F5163-A230-423C-A192-EC338586F4F6}.Release|Any CPU.ActiveCfg = Release|Any CPU
		{327F5163-A230-423C-A192-EC338586F4F6}.Release|Any CPU.Build.0 = Release|Any CPU
		{2B65E748-9896-4DF7-849B-B61CE2432A21}.Debug|Any CPU.ActiveCfg = Debug|Any CPU
		{2B65E748-9896-4DF7-849B-B61CE2432A21}.Debug|Any CPU.Build.0 = Debug|Any CPU
		{2B65E748-9896-4DF7-849B-B61CE2432A21}.Release|Any CPU.ActiveCfg = Release|Any CPU
		{2B65E748-9896-4DF7-849B-B61CE2432A21}.Release|Any CPU.Build.0 = Release|Any CPU
		{A6E6950B-072A-4EDE-AD5D-5573524C30ED}.Debug|Any CPU.ActiveCfg = Debug|Any CPU
		{A6E6950B-072A-4EDE-AD5D-5573524C30ED}.Debug|Any CPU.Build.0 = Debug|Any CPU
		{A6E6950B-072A-4EDE-AD5D-5573524C30ED}.Release|Any CPU.ActiveCfg = Release|Any CPU
		{A6E6950B-072A-4EDE-AD5D-5573524C30ED}.Release|Any CPU.Build.0 = Release|Any CPU
		{996E423A-1826-4A3D-906A-5A416280FF16}.Debug|Any CPU.ActiveCfg = Debug|Any CPU
		{996E423A-1826-4A3D-906A-5A416280FF16}.Debug|Any CPU.Build.0 = Debug|Any CPU
		{996E423A-1826-4A3D-906A-5A416280FF16}.Release|Any CPU.ActiveCfg = Release|Any CPU
		{996E423A-1826-4A3D-906A-5A416280FF16}.Release|Any CPU.Build.0 = Release|Any CPU
		{752EE90A-8F6E-4C62-BE89-57AE9C7C2D87}.Debug|Any CPU.ActiveCfg = Debug|Any CPU
		{752EE90A-8F6E-4C62-BE89-57AE9C7C2D87}.Debug|Any CPU.Build.0 = Debug|Any CPU
		{752EE90A-8F6E-4C62-BE89-57AE9C7C2D87}.Release|Any CPU.ActiveCfg = Release|Any CPU
		{752EE90A-8F6E-4C62-BE89-57AE9C7C2D87}.Release|Any CPU.Build.0 = Release|Any CPU
		{08BB0BD6-A925-4D91-A54C-3440E6F59763}.Debug|Any CPU.ActiveCfg = Debug|Any CPU
		{08BB0BD6-A925-4D91-A54C-3440E6F59763}.Debug|Any CPU.Build.0 = Debug|Any CPU
		{08BB0BD6-A925-4D91-A54C-3440E6F59763}.Release|Any CPU.ActiveCfg = Release|Any CPU
		{08BB0BD6-A925-4D91-A54C-3440E6F59763}.Release|Any CPU.Build.0 = Release|Any CPU
		{4E750FC1-A399-41AD-99A9-1D6A97D37AF1}.Debug|Any CPU.ActiveCfg = Debug|Any CPU
		{4E750FC1-A399-41AD-99A9-1D6A97D37AF1}.Debug|Any CPU.Build.0 = Debug|Any CPU
		{4E750FC1-A399-41AD-99A9-1D6A97D37AF1}.Release|Any CPU.ActiveCfg = Release|Any CPU
		{4E750FC1-A399-41AD-99A9-1D6A97D37AF1}.Release|Any CPU.Build.0 = Release|Any CPU
		{0AC7FEAD-F436-4A3C-9FCF-2B0A3FCD4B4F}.Debug|Any CPU.ActiveCfg = Debug|Any CPU
		{0AC7FEAD-F436-4A3C-9FCF-2B0A3FCD4B4F}.Debug|Any CPU.Build.0 = Debug|Any CPU
		{0AC7FEAD-F436-4A3C-9FCF-2B0A3FCD4B4F}.Release|Any CPU.ActiveCfg = Release|Any CPU
		{0AC7FEAD-F436-4A3C-9FCF-2B0A3FCD4B4F}.Release|Any CPU.Build.0 = Release|Any CPU
		{BF32D4CE-9EF6-4692-AE52-80940465F707}.Debug|Any CPU.ActiveCfg = Debug|Any CPU
		{BF32D4CE-9EF6-4692-AE52-80940465F707}.Debug|Any CPU.Build.0 = Debug|Any CPU
		{BF32D4CE-9EF6-4692-AE52-80940465F707}.Release|Any CPU.ActiveCfg = Release|Any CPU
		{BF32D4CE-9EF6-4692-AE52-80940465F707}.Release|Any CPU.Build.0 = Release|Any CPU
		{43591D9F-31DD-4207-BB56-1538EBFA3075}.Debug|Any CPU.ActiveCfg = Debug|Any CPU
		{43591D9F-31DD-4207-BB56-1538EBFA3075}.Debug|Any CPU.Build.0 = Debug|Any CPU
		{43591D9F-31DD-4207-BB56-1538EBFA3075}.Release|Any CPU.ActiveCfg = Release|Any CPU
		{43591D9F-31DD-4207-BB56-1538EBFA3075}.Release|Any CPU.Build.0 = Release|Any CPU
		{7D14C07E-9676-4A8D-8EE8-FE341C9254E5}.Debug|Any CPU.ActiveCfg = Debug|Any CPU
		{7D14C07E-9676-4A8D-8EE8-FE341C9254E5}.Debug|Any CPU.Build.0 = Debug|Any CPU
		{7D14C07E-9676-4A8D-8EE8-FE341C9254E5}.Release|Any CPU.ActiveCfg = Release|Any CPU
		{7D14C07E-9676-4A8D-8EE8-FE341C9254E5}.Release|Any CPU.Build.0 = Release|Any CPU
		{B92559A9-6FCC-4B08-98A0-284F32C5E8E1}.Debug|Any CPU.ActiveCfg = Debug|Any CPU
		{B92559A9-6FCC-4B08-98A0-284F32C5E8E1}.Debug|Any CPU.Build.0 = Debug|Any CPU
		{B92559A9-6FCC-4B08-98A0-284F32C5E8E1}.Release|Any CPU.ActiveCfg = Release|Any CPU
		{B92559A9-6FCC-4B08-98A0-284F32C5E8E1}.Release|Any CPU.Build.0 = Release|Any CPU
		{53ECBCB6-834F-4F3D-97CF-001391FFDB4B}.Debug|Any CPU.ActiveCfg = Debug|Any CPU
		{53ECBCB6-834F-4F3D-97CF-001391FFDB4B}.Debug|Any CPU.Build.0 = Debug|Any CPU
		{53ECBCB6-834F-4F3D-97CF-001391FFDB4B}.Release|Any CPU.ActiveCfg = Release|Any CPU
		{53ECBCB6-834F-4F3D-97CF-001391FFDB4B}.Release|Any CPU.Build.0 = Release|Any CPU
		{9599FC1D-6B9F-4513-AF94-45BA390F019B}.Debug|Any CPU.ActiveCfg = Debug|Any CPU
		{9599FC1D-6B9F-4513-AF94-45BA390F019B}.Debug|Any CPU.Build.0 = Debug|Any CPU
		{9599FC1D-6B9F-4513-AF94-45BA390F019B}.Release|Any CPU.ActiveCfg = Release|Any CPU
		{9599FC1D-6B9F-4513-AF94-45BA390F019B}.Release|Any CPU.Build.0 = Release|Any CPU
	EndGlobalSection
	GlobalSection(SolutionProperties) = preSolution
		HideSolutionNode = FALSE
	EndGlobalSection
	GlobalSection(NestedProjects) = preSolution
		{0AC7FEAD-F436-4A3C-9FCF-2B0A3FCD4B4F} = {8872F15B-D9B0-429D-92CB-CEDF151AEFCA}
		{43591D9F-31DD-4207-BB56-1538EBFA3075} = {8872F15B-D9B0-429D-92CB-CEDF151AEFCA}
		{7D14C07E-9676-4A8D-8EE8-FE341C9254E5} = {8872F15B-D9B0-429D-92CB-CEDF151AEFCA}
	EndGlobalSection
	GlobalSection(ExtensibilityGlobals) = postSolution
		SolutionGuid = {C8EFA53D-ABAA-4147-97B2-26B33856B157}
	EndGlobalSection
EndGlobal
